
Microsoft Visual Studio Solution File, Format Version 12.00
# Visual Studio Version 17
VisualStudioVersion = 17.3.32825.248
MinimumVisualStudioVersion = 10.0.40219.1
Project("{8BC9CEB8-8B4A-11D0-8D11-00A0C91BC942}") = "lw2sem2", "lw2sem2.vcxproj", "{126C9768-603C-42B3-ADDC-6BE03B9DEA88}"
EndProject
Global
	GlobalSection(SolutionConfigurationPlatforms) = preSolution
		Debug|x64 = Debug|x64
		Debug|x86 = Debug|x86
		Release|x64 = Release|x64
		Release|x86 = Release|x86
	EndGlobalSection
	GlobalSection(ProjectConfigurationPlatforms) = postSolution
		{126C9768-603C-42B3-ADDC-6BE03B9DEA88}.Debug|x64.ActiveCfg = Debug|x64
		{126C9768-603C-42B3-ADDC-6BE03B9DEA88}.Debug|x64.Build.0 = Debug|x64
		{126C9768-603C-42B3-ADDC-6BE03B9DEA88}.Debug|x86.ActiveCfg = Debug|Win32
		{126C9768-603C-42B3-ADDC-6BE03B9DEA88}.Debug|x86.Build.0 = Debug|Win32
		{126C9768-603C-42B3-ADDC-6BE03B9DEA88}.Release|x64.ActiveCfg = Release|x64
		{126C9768-603C-42B3-ADDC-6BE03B9DEA88}.Release|x64.Build.0 = Release|x64
		{126C9768-603C-42B3-ADDC-6BE03B9DEA88}.Release|x86.ActiveCfg = Release|Win32
		{126C9768-603C-42B3-ADDC-6BE03B9DEA88}.Release|x86.Build.0 = Release|Win32
	EndGlobalSection
	GlobalSection(SolutionProperties) = preSolution
		HideSolutionNode = FALSE
	EndGlobalSection
	GlobalSection(ExtensibilityGlobals) = postSolution
		SolutionGuid = {078612B7-8B86-4FB4-A526-A28015E9E5DA}
	EndGlobalSection
EndGlobal
